// !$*UTF8*$!
{
	archiveVersion = 1;
	classes = {
	};
	objectVersion = 46;
	objects = {

/* Begin PBXBuildFile section */
		1F14EC3819C1EE350090C3D8 /* ReactKit.framework in Frameworks */ = {isa = PBXBuildFile; fileRef = 1FED88F819C1EB120065658B /* ReactKit.framework */; };
		1F14EC3919C1EE400090C3D8 /* ReactKit.framework in Frameworks */ = {isa = PBXBuildFile; fileRef = 1FED894119C1EB7D0065658B /* ReactKit.framework */; };
		1F626D8E19D8799600D3ABCE /* KVOTests.swift in Sources */ = {isa = PBXBuildFile; fileRef = 1FED890A19C1EB120065658B /* KVOTests.swift */; };
		1F626D8F19D8799600D3ABCE /* NotificationTests.swift in Sources */ = {isa = PBXBuildFile; fileRef = 1F14EC4319C1FC040090C3D8 /* NotificationTests.swift */; };
		1F626D9019D8799600D3ABCE /* CustomOperatorTests.swift in Sources */ = {isa = PBXBuildFile; fileRef = 1F822EE619D319E000A3CA23 /* CustomOperatorTests.swift */; };
		1F626D9119D8799600D3ABCE /* DeinitSignalTests.swift in Sources */ = {isa = PBXBuildFile; fileRef = 1F563DF119D701F100034EA6 /* DeinitSignalTests.swift */; };
		1F626D9219D8799900D3ABCE /* KVOTests.swift in Sources */ = {isa = PBXBuildFile; fileRef = 1FED890A19C1EB120065658B /* KVOTests.swift */; };
		1F626D9319D8799900D3ABCE /* NotificationTests.swift in Sources */ = {isa = PBXBuildFile; fileRef = 1F14EC4319C1FC040090C3D8 /* NotificationTests.swift */; };
		1F626D9419D8799900D3ABCE /* CustomOperatorTests.swift in Sources */ = {isa = PBXBuildFile; fileRef = 1F822EE619D319E000A3CA23 /* CustomOperatorTests.swift */; };
		1F626D9519D8799900D3ABCE /* DeinitSignalTests.swift in Sources */ = {isa = PBXBuildFile; fileRef = 1F563DF119D701F100034EA6 /* DeinitSignalTests.swift */; };
		1F79711019E4150A0067A4C4 /* NSTimer+Signal.swift in Sources */ = {isa = PBXBuildFile; fileRef = 1F79710F19E4150A0067A4C4 /* NSTimer+Signal.swift */; };
		1F79711119E4150A0067A4C4 /* NSTimer+Signal.swift in Sources */ = {isa = PBXBuildFile; fileRef = 1F79710F19E4150A0067A4C4 /* NSTimer+Signal.swift */; };
		1F822EF319D319FF00A3CA23 /* _MyObject.swift in Sources */ = {isa = PBXBuildFile; fileRef = 1F822EF219D319FF00A3CA23 /* _MyObject.swift */; };
		1F822EF419D319FF00A3CA23 /* _MyObject.swift in Sources */ = {isa = PBXBuildFile; fileRef = 1F822EF219D319FF00A3CA23 /* _MyObject.swift */; };
		1F8C3AAB1A2D8614000D9CF8 /* Error.swift in Sources */ = {isa = PBXBuildFile; fileRef = 1F8C3AAA1A2D8614000D9CF8 /* Error.swift */; };
		1F8C3AAC1A2D8614000D9CF8 /* Error.swift in Sources */ = {isa = PBXBuildFile; fileRef = 1F8C3AAA1A2D8614000D9CF8 /* Error.swift */; };
		1FED88FE19C1EB120065658B /* ReactKit.h in Headers */ = {isa = PBXBuildFile; fileRef = 1FED88FD19C1EB120065658B /* ReactKit.h */; settings = {ATTRIBUTES = (Public, ); }; };
		1FED896119C1EBD60065658B /* Signal.swift in Sources */ = {isa = PBXBuildFile; fileRef = 1FED895C19C1EBD60065658B /* Signal.swift */; };
		1FED896219C1EBD60065658B /* Signal.swift in Sources */ = {isa = PBXBuildFile; fileRef = 1FED895C19C1EBD60065658B /* Signal.swift */; };
		1FED8AAA19C1ECD30065658B /* _TestCase.swift in Sources */ = {isa = PBXBuildFile; fileRef = 1FED8AA919C1ECD30065658B /* _TestCase.swift */; };
		1FED8AAB19C1ECD30065658B /* _TestCase.swift in Sources */ = {isa = PBXBuildFile; fileRef = 1FED8AA919C1ECD30065658B /* _TestCase.swift */; };
		4875885519E4D94800828AD0 /* KVO.swift in Sources */ = {isa = PBXBuildFile; fileRef = 4875885119E4D94800828AD0 /* KVO.swift */; };
		4875885619E4D94800828AD0 /* KVO.swift in Sources */ = {isa = PBXBuildFile; fileRef = 4875885119E4D94800828AD0 /* KVO.swift */; };
		4875885719E4D94800828AD0 /* Notification.swift in Sources */ = {isa = PBXBuildFile; fileRef = 4875885219E4D94800828AD0 /* Notification.swift */; };
		4875885819E4D94800828AD0 /* Notification.swift in Sources */ = {isa = PBXBuildFile; fileRef = 4875885219E4D94800828AD0 /* Notification.swift */; };
		4875885919E4D94800828AD0 /* NSObject+Deinit.swift in Sources */ = {isa = PBXBuildFile; fileRef = 4875885319E4D94800828AD0 /* NSObject+Deinit.swift */; };
		4875885A19E4D94800828AD0 /* NSObject+Deinit.swift in Sources */ = {isa = PBXBuildFile; fileRef = 4875885319E4D94800828AD0 /* NSObject+Deinit.swift */; };
		4875885B19E4D94800828AD0 /* TargetAction.swift in Sources */ = {isa = PBXBuildFile; fileRef = 4875885419E4D94800828AD0 /* TargetAction.swift */; };
		4875885C19E4D94800828AD0 /* TargetAction.swift in Sources */ = {isa = PBXBuildFile; fileRef = 4875885419E4D94800828AD0 /* TargetAction.swift */; };
		4875886219E4D95A00828AD0 /* UIButton+Signal.swift in Sources */ = {isa = PBXBuildFile; fileRef = 4875885E19E4D95A00828AD0 /* UIButton+Signal.swift */; };
		4875886319E4D95A00828AD0 /* UIControl+Signal.swift in Sources */ = {isa = PBXBuildFile; fileRef = 4875885F19E4D95A00828AD0 /* UIControl+Signal.swift */; };
		4875886419E4D95A00828AD0 /* UIGestureRecognizer+Signal.swift in Sources */ = {isa = PBXBuildFile; fileRef = 4875886019E4D95A00828AD0 /* UIGestureRecognizer+Signal.swift */; };
		4875886519E4D95A00828AD0 /* UITextField+Signal.swift in Sources */ = {isa = PBXBuildFile; fileRef = 4875886119E4D95A00828AD0 /* UITextField+Signal.swift */; };
		48C6AC691A368CF70076A158 /* SwiftTask.framework in Frameworks */ = {isa = PBXBuildFile; fileRef = 48C6AC651A368CD00076A158 /* SwiftTask.framework */; };
		48C6AC951A368DB80076A158 /* Async.swift in Sources */ = {isa = PBXBuildFile; fileRef = 48C6AC6D1A368DA50076A158 /* Async.swift */; };
		48C6AC961A368DB90076A158 /* Async.swift in Sources */ = {isa = PBXBuildFile; fileRef = 48C6AC6D1A368DA50076A158 /* Async.swift */; };
		48C6AC971A368DFA0076A158 /* SwiftState.framework in Frameworks */ = {isa = PBXBuildFile; fileRef = 48C6AC671A368CD00076A158 /* SwiftState.framework */; };
		48C6AC981A368DFA0076A158 /* SwiftTask.framework in Frameworks */ = {isa = PBXBuildFile; fileRef = 48C6AC681A368CD00076A158 /* SwiftTask.framework */; };
		48C6AC991A368E020076A158 /* SwiftState.framework in Frameworks */ = {isa = PBXBuildFile; fileRef = 48C6AC641A368CD00076A158 /* SwiftState.framework */; };
		48DDE7721A0C41A300125F36 /* NSObject+Own.swift in Sources */ = {isa = PBXBuildFile; fileRef = 48DDE7711A0C41A300125F36 /* NSObject+Own.swift */; };
		48DDE7731A0C41A300125F36 /* NSObject+Own.swift in Sources */ = {isa = PBXBuildFile; fileRef = 48DDE7711A0C41A300125F36 /* NSObject+Own.swift */; };
		48FD5B3C19E51E7100913946 /* UIBarButtonItem+Signal.swift in Sources */ = {isa = PBXBuildFile; fileRef = 48FD5B3B19E51E7100913946 /* UIBarButtonItem+Signal.swift */; };
/* End PBXBuildFile section */

/* Begin PBXFileReference section */
		1F14EC4319C1FC040090C3D8 /* NotificationTests.swift */ = {isa = PBXFileReference; fileEncoding = 4; lastKnownFileType = sourcecode.swift; path = NotificationTests.swift; sourceTree = "<group>"; };
		1F563DF119D701F100034EA6 /* DeinitSignalTests.swift */ = {isa = PBXFileReference; fileEncoding = 4; lastKnownFileType = sourcecode.swift; path = DeinitSignalTests.swift; sourceTree = "<group>"; };
		1F79710F19E4150A0067A4C4 /* NSTimer+Signal.swift */ = {isa = PBXFileReference; fileEncoding = 4; lastKnownFileType = sourcecode.swift; path = "NSTimer+Signal.swift"; sourceTree = "<group>"; };
		1F822EE619D319E000A3CA23 /* CustomOperatorTests.swift */ = {isa = PBXFileReference; fileEncoding = 4; lastKnownFileType = sourcecode.swift; path = CustomOperatorTests.swift; sourceTree = "<group>"; };
		1F822EF219D319FF00A3CA23 /* _MyObject.swift */ = {isa = PBXFileReference; fileEncoding = 4; lastKnownFileType = sourcecode.swift; path = _MyObject.swift; sourceTree = "<group>"; };
		1F8C3AAA1A2D8614000D9CF8 /* Error.swift */ = {isa = PBXFileReference; fileEncoding = 4; lastKnownFileType = sourcecode.swift; path = Error.swift; sourceTree = "<group>"; };
		1FED88F819C1EB120065658B /* ReactKit.framework */ = {isa = PBXFileReference; explicitFileType = wrapper.framework; includeInIndex = 0; path = ReactKit.framework; sourceTree = BUILT_PRODUCTS_DIR; };
		1FED88FC19C1EB120065658B /* Info.plist */ = {isa = PBXFileReference; lastKnownFileType = text.plist.xml; path = Info.plist; sourceTree = "<group>"; };
		1FED88FD19C1EB120065658B /* ReactKit.h */ = {isa = PBXFileReference; lastKnownFileType = sourcecode.c.h; path = ReactKit.h; sourceTree = "<group>"; };
		1FED890319C1EB120065658B /* ReactKit-OSXTests.xctest */ = {isa = PBXFileReference; explicitFileType = wrapper.cfbundle; includeInIndex = 0; path = "ReactKit-OSXTests.xctest"; sourceTree = BUILT_PRODUCTS_DIR; };
		1FED890919C1EB120065658B /* Info.plist */ = {isa = PBXFileReference; lastKnownFileType = text.plist.xml; path = Info.plist; sourceTree = "<group>"; };
		1FED890A19C1EB120065658B /* KVOTests.swift */ = {isa = PBXFileReference; lastKnownFileType = sourcecode.swift; path = KVOTests.swift; sourceTree = "<group>"; };
		1FED894119C1EB7D0065658B /* ReactKit.framework */ = {isa = PBXFileReference; explicitFileType = wrapper.framework; includeInIndex = 0; path = ReactKit.framework; sourceTree = BUILT_PRODUCTS_DIR; };
		1FED894B19C1EB7D0065658B /* ReactKit-iOSTests.xctest */ = {isa = PBXFileReference; explicitFileType = wrapper.cfbundle; includeInIndex = 0; path = "ReactKit-iOSTests.xctest"; sourceTree = BUILT_PRODUCTS_DIR; };
		1FED895C19C1EBD60065658B /* Signal.swift */ = {isa = PBXFileReference; fileEncoding = 4; lastKnownFileType = sourcecode.swift; path = Signal.swift; sourceTree = "<group>"; };
		1FED8AA919C1ECD30065658B /* _TestCase.swift */ = {isa = PBXFileReference; fileEncoding = 4; lastKnownFileType = sourcecode.swift; path = _TestCase.swift; sourceTree = "<group>"; };
		4875885119E4D94800828AD0 /* KVO.swift */ = {isa = PBXFileReference; fileEncoding = 4; lastKnownFileType = sourcecode.swift; path = KVO.swift; sourceTree = "<group>"; };
		4875885219E4D94800828AD0 /* Notification.swift */ = {isa = PBXFileReference; fileEncoding = 4; lastKnownFileType = sourcecode.swift; path = Notification.swift; sourceTree = "<group>"; };
		4875885319E4D94800828AD0 /* NSObject+Deinit.swift */ = {isa = PBXFileReference; fileEncoding = 4; lastKnownFileType = sourcecode.swift; path = "NSObject+Deinit.swift"; sourceTree = "<group>"; };
		4875885419E4D94800828AD0 /* TargetAction.swift */ = {isa = PBXFileReference; fileEncoding = 4; lastKnownFileType = sourcecode.swift; path = TargetAction.swift; sourceTree = "<group>"; };
		4875885E19E4D95A00828AD0 /* UIButton+Signal.swift */ = {isa = PBXFileReference; fileEncoding = 4; lastKnownFileType = sourcecode.swift; path = "UIButton+Signal.swift"; sourceTree = "<group>"; };
		4875885F19E4D95A00828AD0 /* UIControl+Signal.swift */ = {isa = PBXFileReference; fileEncoding = 4; lastKnownFileType = sourcecode.swift; path = "UIControl+Signal.swift"; sourceTree = "<group>"; };
		4875886019E4D95A00828AD0 /* UIGestureRecognizer+Signal.swift */ = {isa = PBXFileReference; fileEncoding = 4; lastKnownFileType = sourcecode.swift; path = "UIGestureRecognizer+Signal.swift"; sourceTree = "<group>"; };
		4875886119E4D95A00828AD0 /* UITextField+Signal.swift */ = {isa = PBXFileReference; fileEncoding = 4; lastKnownFileType = sourcecode.swift; path = "UITextField+Signal.swift"; sourceTree = "<group>"; };
		48C6AC641A368CD00076A158 /* SwiftState.framework */ = {isa = PBXFileReference; lastKnownFileType = wrapper.framework; path = SwiftState.framework; sourceTree = "<group>"; };
		48C6AC651A368CD00076A158 /* SwiftTask.framework */ = {isa = PBXFileReference; lastKnownFileType = wrapper.framework; path = SwiftTask.framework; sourceTree = "<group>"; };
		48C6AC671A368CD00076A158 /* SwiftState.framework */ = {isa = PBXFileReference; lastKnownFileType = wrapper.framework; path = SwiftState.framework; sourceTree = "<group>"; };
		48C6AC681A368CD00076A158 /* SwiftTask.framework */ = {isa = PBXFileReference; lastKnownFileType = wrapper.framework; path = SwiftTask.framework; sourceTree = "<group>"; };
		48C6AC6D1A368DA50076A158 /* Async.swift */ = {isa = PBXFileReference; lastKnownFileType = sourcecode.swift; path = Async.swift; sourceTree = "<group>"; };
		48DDE7711A0C41A300125F36 /* NSObject+Own.swift */ = {isa = PBXFileReference; fileEncoding = 4; lastKnownFileType = sourcecode.swift; path = "NSObject+Own.swift"; sourceTree = "<group>"; };
		48FD5B3B19E51E7100913946 /* UIBarButtonItem+Signal.swift */ = {isa = PBXFileReference; fileEncoding = 4; lastKnownFileType = sourcecode.swift; path = "UIBarButtonItem+Signal.swift"; sourceTree = "<group>"; };
/* End PBXFileReference section */

/* Begin PBXFrameworksBuildPhase section */
		1FED88F419C1EB120065658B /* Frameworks */ = {
			isa = PBXFrameworksBuildPhase;
			buildActionMask = 2147483647;
			files = (
				48C6AC981A368DFA0076A158 /* SwiftTask.framework in Frameworks */,
				48C6AC971A368DFA0076A158 /* SwiftState.framework in Frameworks */,
			);
			runOnlyForDeploymentPostprocessing = 0;
		};
		1FED890019C1EB120065658B /* Frameworks */ = {
			isa = PBXFrameworksBuildPhase;
			buildActionMask = 2147483647;
			files = (
				1F14EC3819C1EE350090C3D8 /* ReactKit.framework in Frameworks */,
			);
			runOnlyForDeploymentPostprocessing = 0;
		};
		1FED893D19C1EB7D0065658B /* Frameworks */ = {
			isa = PBXFrameworksBuildPhase;
			buildActionMask = 2147483647;
			files = (
				48C6AC691A368CF70076A158 /* SwiftTask.framework in Frameworks */,
				48C6AC991A368E020076A158 /* SwiftState.framework in Frameworks */,
			);
			runOnlyForDeploymentPostprocessing = 0;
		};
		1FED894819C1EB7D0065658B /* Frameworks */ = {
			isa = PBXFrameworksBuildPhase;
			buildActionMask = 2147483647;
			files = (
				1F14EC3919C1EE400090C3D8 /* ReactKit.framework in Frameworks */,
			);
			runOnlyForDeploymentPostprocessing = 0;
		};
/* End PBXFrameworksBuildPhase section */

/* Begin PBXGroup section */
		1F79710E19E414F70067A4C4 /* Foundation */ = {
			isa = PBXGroup;
			children = (
				4875885119E4D94800828AD0 /* KVO.swift */,
				4875885219E4D94800828AD0 /* Notification.swift */,
				4875885419E4D94800828AD0 /* TargetAction.swift */,
				4875885319E4D94800828AD0 /* NSObject+Deinit.swift */,
				48DDE7711A0C41A300125F36 /* NSObject+Own.swift */,
				1F79710F19E4150A0067A4C4 /* NSTimer+Signal.swift */,
			);
			path = Foundation;
			sourceTree = "<group>";
		};
		1FED88EE19C1EB120065658B = {
			isa = PBXGroup;
			children = (
				48C6AC621A368CD00076A158 /* Carthage.build */,
				48C6AC6A1A368DA50076A158 /* Vendor */,
				1FED88FA19C1EB120065658B /* ReactKit */,
				1FED890719C1EB120065658B /* ReactKitTests */,
				1FED88F919C1EB120065658B /* Products */,
			);
			sourceTree = "<group>";
		};
		1FED88F919C1EB120065658B /* Products */ = {
			isa = PBXGroup;
			children = (
				1FED88F819C1EB120065658B /* ReactKit.framework */,
				1FED890319C1EB120065658B /* ReactKit-OSXTests.xctest */,
				1FED894119C1EB7D0065658B /* ReactKit.framework */,
				1FED894B19C1EB7D0065658B /* ReactKit-iOSTests.xctest */,
			);
			name = Products;
			sourceTree = "<group>";
		};
		1FED88FA19C1EB120065658B /* ReactKit */ = {
			isa = PBXGroup;
			children = (
				1FED88FD19C1EB120065658B /* ReactKit.h */,
				1FED895C19C1EBD60065658B /* Signal.swift */,
				1F8C3AAA1A2D8614000D9CF8 /* Error.swift */,
				1F79710E19E414F70067A4C4 /* Foundation */,
				4875885D19E4D95A00828AD0 /* UIKit */,
				1FED88FB19C1EB120065658B /* Supporting Files */,
			);
			path = ReactKit;
			sourceTree = "<group>";
		};
		1FED88FB19C1EB120065658B /* Supporting Files */ = {
			isa = PBXGroup;
			children = (
				1FED88FC19C1EB120065658B /* Info.plist */,
			);
			name = "Supporting Files";
			sourceTree = "<group>";
		};
		1FED890719C1EB120065658B /* ReactKitTests */ = {
			isa = PBXGroup;
			children = (
				1F822EF219D319FF00A3CA23 /* _MyObject.swift */,
				1FED8AA919C1ECD30065658B /* _TestCase.swift */,
				1FED890A19C1EB120065658B /* KVOTests.swift */,
				1F14EC4319C1FC040090C3D8 /* NotificationTests.swift */,
				1F822EE619D319E000A3CA23 /* CustomOperatorTests.swift */,
				1F563DF119D701F100034EA6 /* DeinitSignalTests.swift */,
				1FED890819C1EB120065658B /* Supporting Files */,
			);
			path = ReactKitTests;
			sourceTree = "<group>";
		};
		1FED890819C1EB120065658B /* Supporting Files */ = {
			isa = PBXGroup;
			children = (
				1FED890919C1EB120065658B /* Info.plist */,
			);
			name = "Supporting Files";
			sourceTree = "<group>";
		};
		4875885D19E4D95A00828AD0 /* UIKit */ = {
			isa = PBXGroup;
			children = (
				4875885F19E4D95A00828AD0 /* UIControl+Signal.swift */,
				4875885E19E4D95A00828AD0 /* UIButton+Signal.swift */,
				4875886119E4D95A00828AD0 /* UITextField+Signal.swift */,
				4875886019E4D95A00828AD0 /* UIGestureRecognizer+Signal.swift */,
				48FD5B3B19E51E7100913946 /* UIBarButtonItem+Signal.swift */,
			);
			path = UIKit;
			sourceTree = "<group>";
		};
		48C6AC621A368CD00076A158 /* Carthage.build */ = {
			isa = PBXGroup;
			children = (
				48C6AC631A368CD00076A158 /* iOS */,
				48C6AC661A368CD00076A158 /* Mac */,
			);
			path = Carthage.build;
			sourceTree = "<group>";
		};
		48C6AC631A368CD00076A158 /* iOS */ = {
			isa = PBXGroup;
			children = (
				48C6AC641A368CD00076A158 /* SwiftState.framework */,
				48C6AC651A368CD00076A158 /* SwiftTask.framework */,
			);
			path = iOS;
			sourceTree = "<group>";
		};
		48C6AC661A368CD00076A158 /* Mac */ = {
			isa = PBXGroup;
			children = (
				48C6AC671A368CD00076A158 /* SwiftState.framework */,
				48C6AC681A368CD00076A158 /* SwiftTask.framework */,
			);
			path = Mac;
			sourceTree = "<group>";
		};
		48C6AC6A1A368DA50076A158 /* Vendor */ = {
			isa = PBXGroup;
			children = (
				48C6AC6B1A368DA50076A158 /* Async */,
			);
			path = Vendor;
			sourceTree = "<group>";
		};
		48C6AC6B1A368DA50076A158 /* Async */ = {
			isa = PBXGroup;
			children = (
				48C6AC6D1A368DA50076A158 /* Async.swift */,
			);
			path = Async;
			sourceTree = "<group>";
		};
/* End PBXGroup section */

/* Begin PBXHeadersBuildPhase section */
		1FED88F519C1EB120065658B /* Headers */ = {
			isa = PBXHeadersBuildPhase;
			buildActionMask = 2147483647;
			files = (
				1FED88FE19C1EB120065658B /* ReactKit.h in Headers */,
			);
			runOnlyForDeploymentPostprocessing = 0;
		};
		1FED893E19C1EB7D0065658B /* Headers */ = {
			isa = PBXHeadersBuildPhase;
			buildActionMask = 2147483647;
			files = (
			);
			runOnlyForDeploymentPostprocessing = 0;
		};
/* End PBXHeadersBuildPhase section */

/* Begin PBXNativeTarget section */
		1FED88F719C1EB120065658B /* ReactKit-OSX */ = {
			isa = PBXNativeTarget;
			buildConfigurationList = 1FED890E19C1EB120065658B /* Build configuration list for PBXNativeTarget "ReactKit-OSX" */;
			buildPhases = (
				1FED88F319C1EB120065658B /* Sources */,
				1FED88F419C1EB120065658B /* Frameworks */,
				1FED88F519C1EB120065658B /* Headers */,
				1FED88F619C1EB120065658B /* Resources */,
			);
			buildRules = (
			);
			dependencies = (
			);
			name = "ReactKit-OSX";
			productName = ReactKit;
			productReference = 1FED88F819C1EB120065658B /* ReactKit.framework */;
			productType = "com.apple.product-type.framework";
		};
		1FED890219C1EB120065658B /* ReactKit-OSXTests */ = {
			isa = PBXNativeTarget;
			buildConfigurationList = 1FED891119C1EB120065658B /* Build configuration list for PBXNativeTarget "ReactKit-OSXTests" */;
			buildPhases = (
				1FED88FF19C1EB120065658B /* Sources */,
				1FED890019C1EB120065658B /* Frameworks */,
				1FED890119C1EB120065658B /* Resources */,
			);
			buildRules = (
			);
			dependencies = (
			);
			name = "ReactKit-OSXTests";
			productName = ReactKitTests;
			productReference = 1FED890319C1EB120065658B /* ReactKit-OSXTests.xctest */;
			productType = "com.apple.product-type.bundle.unit-test";
		};
		1FED894019C1EB7D0065658B /* ReactKit-iOS */ = {
			isa = PBXNativeTarget;
			buildConfigurationList = 1FED895419C1EB7E0065658B /* Build configuration list for PBXNativeTarget "ReactKit-iOS" */;
			buildPhases = (
				1FED893C19C1EB7D0065658B /* Sources */,
				1FED893D19C1EB7D0065658B /* Frameworks */,
				1FED893E19C1EB7D0065658B /* Headers */,
				1FED893F19C1EB7D0065658B /* Resources */,
			);
			buildRules = (
			);
			dependencies = (
			);
			name = "ReactKit-iOS";
			productName = "ReactKit-iOS";
			productReference = 1FED894119C1EB7D0065658B /* ReactKit.framework */;
			productType = "com.apple.product-type.framework";
		};
		1FED894A19C1EB7D0065658B /* ReactKit-iOSTests */ = {
			isa = PBXNativeTarget;
			buildConfigurationList = 1FED895719C1EB7E0065658B /* Build configuration list for PBXNativeTarget "ReactKit-iOSTests" */;
			buildPhases = (
				1FED894719C1EB7D0065658B /* Sources */,
				1FED894819C1EB7D0065658B /* Frameworks */,
				1FED894919C1EB7D0065658B /* Resources */,
			);
			buildRules = (
			);
			dependencies = (
			);
			name = "ReactKit-iOSTests";
			productName = "ReactKit-iOSTests";
			productReference = 1FED894B19C1EB7D0065658B /* ReactKit-iOSTests.xctest */;
			productType = "com.apple.product-type.bundle.unit-test";
		};
/* End PBXNativeTarget section */

/* Begin PBXProject section */
		1FED88EF19C1EB120065658B /* Project object */ = {
			isa = PBXProject;
			attributes = {
				LastUpgradeCheck = 0600;
				ORGANIZATIONNAME = "Yasuhiro Inami";
				TargetAttributes = {
					1FED88F719C1EB120065658B = {
						CreatedOnToolsVersion = 6.1;
					};
					1FED890219C1EB120065658B = {
						CreatedOnToolsVersion = 6.1;
					};
					1FED894019C1EB7D0065658B = {
						CreatedOnToolsVersion = 6.1;
					};
					1FED894A19C1EB7D0065658B = {
						CreatedOnToolsVersion = 6.1;
					};
				};
			};
			buildConfigurationList = 1FED88F219C1EB120065658B /* Build configuration list for PBXProject "ReactKit" */;
			compatibilityVersion = "Xcode 3.2";
			developmentRegion = English;
			hasScannedForEncodings = 0;
			knownRegions = (
				en,
				Base,
			);
			mainGroup = 1FED88EE19C1EB120065658B;
			productRefGroup = 1FED88F919C1EB120065658B /* Products */;
			projectDirPath = "";
			projectRoot = "";
			targets = (
				1FED88F719C1EB120065658B /* ReactKit-OSX */,
				1FED890219C1EB120065658B /* ReactKit-OSXTests */,
				1FED894019C1EB7D0065658B /* ReactKit-iOS */,
				1FED894A19C1EB7D0065658B /* ReactKit-iOSTests */,
			);
		};
/* End PBXProject section */

/* Begin PBXResourcesBuildPhase section */
		1FED88F619C1EB120065658B /* Resources */ = {
			isa = PBXResourcesBuildPhase;
			buildActionMask = 2147483647;
			files = (
			);
			runOnlyForDeploymentPostprocessing = 0;
		};
		1FED890119C1EB120065658B /* Resources */ = {
			isa = PBXResourcesBuildPhase;
			buildActionMask = 2147483647;
			files = (
			);
			runOnlyForDeploymentPostprocessing = 0;
		};
		1FED893F19C1EB7D0065658B /* Resources */ = {
			isa = PBXResourcesBuildPhase;
			buildActionMask = 2147483647;
			files = (
			);
			runOnlyForDeploymentPostprocessing = 0;
		};
		1FED894919C1EB7D0065658B /* Resources */ = {
			isa = PBXResourcesBuildPhase;
			buildActionMask = 2147483647;
			files = (
			);
			runOnlyForDeploymentPostprocessing = 0;
		};
/* End PBXResourcesBuildPhase section */

/* Begin PBXSourcesBuildPhase section */
		1FED88F319C1EB120065658B /* Sources */ = {
			isa = PBXSourcesBuildPhase;
			buildActionMask = 2147483647;
			files = (
				1F8C3AAB1A2D8614000D9CF8 /* Error.swift in Sources */,
				4875885719E4D94800828AD0 /* Notification.swift in Sources */,
				1FED896119C1EBD60065658B /* Signal.swift in Sources */,
				4875885919E4D94800828AD0 /* NSObject+Deinit.swift in Sources */,
				1F79711019E4150A0067A4C4 /* NSTimer+Signal.swift in Sources */,
				4875885B19E4D94800828AD0 /* TargetAction.swift in Sources */,
				48DDE7721A0C41A300125F36 /* NSObject+Own.swift in Sources */,
				4875885519E4D94800828AD0 /* KVO.swift in Sources */,
			);
			runOnlyForDeploymentPostprocessing = 0;
		};
		1FED88FF19C1EB120065658B /* Sources */ = {
			isa = PBXSourcesBuildPhase;
			buildActionMask = 2147483647;
			files = (
				1F626D9019D8799600D3ABCE /* CustomOperatorTests.swift in Sources */,
				1F822EF319D319FF00A3CA23 /* _MyObject.swift in Sources */,
				1FED8AAA19C1ECD30065658B /* _TestCase.swift in Sources */,
				48C6AC951A368DB80076A158 /* Async.swift in Sources */,
				1F626D8F19D8799600D3ABCE /* NotificationTests.swift in Sources */,
				1F626D9119D8799600D3ABCE /* DeinitSignalTests.swift in Sources */,
				1F626D8E19D8799600D3ABCE /* KVOTests.swift in Sources */,
			);
			runOnlyForDeploymentPostprocessing = 0;
		};
		1FED893C19C1EB7D0065658B /* Sources */ = {
			isa = PBXSourcesBuildPhase;
			buildActionMask = 2147483647;
			files = (
				4875885A19E4D94800828AD0 /* NSObject+Deinit.swift in Sources */,
				4875886319E4D95A00828AD0 /* UIControl+Signal.swift in Sources */,
				1FED896219C1EBD60065658B /* Signal.swift in Sources */,
				1F8C3AAC1A2D8614000D9CF8 /* Error.swift in Sources */,
				4875885C19E4D94800828AD0 /* TargetAction.swift in Sources */,
				4875885619E4D94800828AD0 /* KVO.swift in Sources */,
				48DDE7731A0C41A300125F36 /* NSObject+Own.swift in Sources */,
				48FD5B3C19E51E7100913946 /* UIBarButtonItem+Signal.swift in Sources */,
				4875886219E4D95A00828AD0 /* UIButton+Signal.swift in Sources */,
				4875886419E4D95A00828AD0 /* UIGestureRecognizer+Signal.swift in Sources */,
				4875885819E4D94800828AD0 /* Notification.swift in Sources */,
				1F79711119E4150A0067A4C4 /* NSTimer+Signal.swift in Sources */,
				4875886519E4D95A00828AD0 /* UITextField+Signal.swift in Sources */,
			);
			runOnlyForDeploymentPostprocessing = 0;
		};
		1FED894719C1EB7D0065658B /* Sources */ = {
			isa = PBXSourcesBuildPhase;
			buildActionMask = 2147483647;
			files = (
				1F626D9419D8799900D3ABCE /* CustomOperatorTests.swift in Sources */,
				1F822EF419D319FF00A3CA23 /* _MyObject.swift in Sources */,
				1FED8AAB19C1ECD30065658B /* _TestCase.swift in Sources */,
				48C6AC961A368DB90076A158 /* Async.swift in Sources */,
				1F626D9319D8799900D3ABCE /* NotificationTests.swift in Sources */,
				1F626D9519D8799900D3ABCE /* DeinitSignalTests.swift in Sources */,
				1F626D9219D8799900D3ABCE /* KVOTests.swift in Sources */,
			);
			runOnlyForDeploymentPostprocessing = 0;
		};
/* End PBXSourcesBuildPhase section */

/* Begin XCBuildConfiguration section */
		1FED890C19C1EB120065658B /* Debug */ = {
			isa = XCBuildConfiguration;
			buildSettings = {
				ALWAYS_SEARCH_USER_PATHS = NO;
				CLANG_CXX_LANGUAGE_STANDARD = "gnu++0x";
				CLANG_CXX_LIBRARY = "libc++";
				CLANG_ENABLE_MODULES = YES;
				CLANG_ENABLE_OBJC_ARC = YES;
				CLANG_WARN_BOOL_CONVERSION = YES;
				CLANG_WARN_CONSTANT_CONVERSION = YES;
				CLANG_WARN_DIRECT_OBJC_ISA_USAGE = YES_ERROR;
				CLANG_WARN_EMPTY_BODY = YES;
				CLANG_WARN_ENUM_CONVERSION = YES;
				CLANG_WARN_INT_CONVERSION = YES;
				CLANG_WARN_OBJC_ROOT_CLASS = YES_ERROR;
				CLANG_WARN_UNREACHABLE_CODE = YES;
				CLANG_WARN__DUPLICATE_METHOD_MATCH = YES;
				COPY_PHASE_STRIP = NO;
				CURRENT_PROJECT_VERSION = 1;
				EMBEDDED_CONTENT_CONTAINS_SWIFT = YES;
				ENABLE_STRICT_OBJC_MSGSEND = YES;
				GCC_C_LANGUAGE_STANDARD = gnu99;
				GCC_DYNAMIC_NO_PIC = NO;
				GCC_OPTIMIZATION_LEVEL = 0;
				GCC_PREPROCESSOR_DEFINITIONS = (
					"DEBUG=1",
					"$(inherited)",
				);
				GCC_SYMBOLS_PRIVATE_EXTERN = NO;
				GCC_WARN_64_TO_32_BIT_CONVERSION = YES;
				GCC_WARN_ABOUT_RETURN_TYPE = YES_ERROR;
				GCC_WARN_UNDECLARED_SELECTOR = YES;
				GCC_WARN_UNINITIALIZED_AUTOS = YES_AGGRESSIVE;
				GCC_WARN_UNUSED_FUNCTION = YES;
				GCC_WARN_UNUSED_VARIABLE = YES;
				IPHONEOS_DEPLOYMENT_TARGET = 8.0;
				MACOSX_DEPLOYMENT_TARGET = 10.10;
				MTL_ENABLE_DEBUG_INFO = YES;
				ONLY_ACTIVE_ARCH = YES;
				SDKROOT = macosx;
				SWIFT_OPTIMIZATION_LEVEL = "-Onone";
				VERSIONING_SYSTEM = "apple-generic";
				VERSION_INFO_PREFIX = "";
			};
			name = Debug;
		};
		1FED890D19C1EB120065658B /* Release */ = {
			isa = XCBuildConfiguration;
			buildSettings = {
				ALWAYS_SEARCH_USER_PATHS = NO;
				CLANG_CXX_LANGUAGE_STANDARD = "gnu++0x";
				CLANG_CXX_LIBRARY = "libc++";
				CLANG_ENABLE_MODULES = YES;
				CLANG_ENABLE_OBJC_ARC = YES;
				CLANG_WARN_BOOL_CONVERSION = YES;
				CLANG_WARN_CONSTANT_CONVERSION = YES;
				CLANG_WARN_DIRECT_OBJC_ISA_USAGE = YES_ERROR;
				CLANG_WARN_EMPTY_BODY = YES;
				CLANG_WARN_ENUM_CONVERSION = YES;
				CLANG_WARN_INT_CONVERSION = YES;
				CLANG_WARN_OBJC_ROOT_CLASS = YES_ERROR;
				CLANG_WARN_UNREACHABLE_CODE = YES;
				CLANG_WARN__DUPLICATE_METHOD_MATCH = YES;
				COPY_PHASE_STRIP = YES;
				CURRENT_PROJECT_VERSION = 1;
				DEBUG_INFORMATION_FORMAT = "dwarf-with-dsym";
				EMBEDDED_CONTENT_CONTAINS_SWIFT = YES;
				ENABLE_NS_ASSERTIONS = NO;
				ENABLE_STRICT_OBJC_MSGSEND = YES;
				GCC_C_LANGUAGE_STANDARD = gnu99;
				GCC_WARN_64_TO_32_BIT_CONVERSION = YES;
				GCC_WARN_ABOUT_RETURN_TYPE = YES_ERROR;
				GCC_WARN_UNDECLARED_SELECTOR = YES;
				GCC_WARN_UNINITIALIZED_AUTOS = YES_AGGRESSIVE;
				GCC_WARN_UNUSED_FUNCTION = YES;
				GCC_WARN_UNUSED_VARIABLE = YES;
				IPHONEOS_DEPLOYMENT_TARGET = 8.0;
				MACOSX_DEPLOYMENT_TARGET = 10.10;
				MTL_ENABLE_DEBUG_INFO = NO;
				SDKROOT = macosx;
				VERSIONING_SYSTEM = "apple-generic";
				VERSION_INFO_PREFIX = "";
			};
			name = Release;
		};
		1FED890F19C1EB120065658B /* Debug */ = {
			isa = XCBuildConfiguration;
			buildSettings = {
				CLANG_ENABLE_MODULES = YES;
				COMBINE_HIDPI_IMAGES = YES;
				DEFINES_MODULE = YES;
				DYLIB_COMPATIBILITY_VERSION = 1;
				DYLIB_CURRENT_VERSION = 1;
				DYLIB_INSTALL_NAME_BASE = "@rpath";
				FRAMEWORK_SEARCH_PATHS = (
					"$(inherited)",
					"$(PROJECT_DIR)/Carthage.build/Mac",
				);
				FRAMEWORK_VERSION = A;
				INFOPLIST_FILE = ReactKit/Info.plist;
				INSTALL_PATH = "$(LOCAL_LIBRARY_DIR)/Frameworks";
				LD_RUNPATH_SEARCH_PATHS = "$(inherited) @executable_path/../Frameworks @loader_path/Frameworks";
				MACOSX_DEPLOYMENT_TARGET = 10.9;
				OTHER_SWIFT_FLAGS = "-DDEBUG";
				PRODUCT_NAME = "$(PROJECT_NAME)";
				SKIP_INSTALL = YES;
				SWIFT_OPTIMIZATION_LEVEL = "-Onone";
			};
			name = Debug;
		};
		1FED891019C1EB120065658B /* Release */ = {
			isa = XCBuildConfiguration;
			buildSettings = {
				CLANG_ENABLE_MODULES = YES;
				COMBINE_HIDPI_IMAGES = YES;
				DEFINES_MODULE = YES;
				DYLIB_COMPATIBILITY_VERSION = 1;
				DYLIB_CURRENT_VERSION = 1;
				DYLIB_INSTALL_NAME_BASE = "@rpath";
				FRAMEWORK_SEARCH_PATHS = (
					"$(inherited)",
					"$(PROJECT_DIR)/Carthage.build/Mac",
				);
				FRAMEWORK_VERSION = A;
				INFOPLIST_FILE = ReactKit/Info.plist;
				INSTALL_PATH = "$(LOCAL_LIBRARY_DIR)/Frameworks";
				LD_RUNPATH_SEARCH_PATHS = "$(inherited) @executable_path/../Frameworks @loader_path/Frameworks";
				MACOSX_DEPLOYMENT_TARGET = 10.9;
				PRODUCT_NAME = "$(PROJECT_NAME)";
				SKIP_INSTALL = YES;
			};
			name = Release;
		};
		1FED891219C1EB120065658B /* Debug */ = {
			isa = XCBuildConfiguration;
			buildSettings = {
				COMBINE_HIDPI_IMAGES = YES;
				FRAMEWORK_SEARCH_PATHS = (
					"$(DEVELOPER_FRAMEWORKS_DIR)",
					"$(inherited)",
				);
				GCC_PREPROCESSOR_DEFINITIONS = (
					"DEBUG=1",
					"$(inherited)",
				);
				INFOPLIST_FILE = ReactKitTests/Info.plist;
				LD_RUNPATH_SEARCH_PATHS = "$(inherited) @executable_path/../Frameworks @loader_path/../Frameworks";
				PRODUCT_NAME = "$(TARGET_NAME)";
			};
			name = Debug;
		};
		1FED891319C1EB120065658B /* Release */ = {
			isa = XCBuildConfiguration;
			buildSettings = {
				COMBINE_HIDPI_IMAGES = YES;
				FRAMEWORK_SEARCH_PATHS = (
					"$(DEVELOPER_FRAMEWORKS_DIR)",
					"$(inherited)",
				);
				INFOPLIST_FILE = ReactKitTests/Info.plist;
				LD_RUNPATH_SEARCH_PATHS = "$(inherited) @executable_path/../Frameworks @loader_path/../Frameworks";
				PRODUCT_NAME = "$(TARGET_NAME)";
			};
			name = Release;
		};
		1FED895519C1EB7E0065658B /* Debug */ = {
			isa = XCBuildConfiguration;
			buildSettings = {
				CLANG_ENABLE_MODULES = YES;
				"CODE_SIGN_IDENTITY[sdk=iphoneos*]" = "iPhone Developer";
				DEFINES_MODULE = YES;
				DYLIB_COMPATIBILITY_VERSION = 1;
				DYLIB_CURRENT_VERSION = 1;
				DYLIB_INSTALL_NAME_BASE = "@rpath";
				FRAMEWORK_SEARCH_PATHS = (
					"$(inherited)",
					"$(PROJECT_DIR)/Carthage.build/iOS",
				);
				GCC_PREPROCESSOR_DEFINITIONS = (
					"DEBUG=1",
					"$(inherited)",
				);
				INFOPLIST_FILE = ReactKit/Info.plist;
				INSTALL_PATH = "$(LOCAL_LIBRARY_DIR)/Frameworks";
				IPHONEOS_DEPLOYMENT_TARGET = 8.0;
				LD_RUNPATH_SEARCH_PATHS = "$(inherited) @executable_path/Frameworks @loader_path/Frameworks";
				OTHER_SWIFT_FLAGS = "-DDEBUG";
				PRODUCT_NAME = "$(PROJECT_NAME)";
				SDKROOT = iphoneos;
				SKIP_INSTALL = YES;
				SWIFT_OPTIMIZATION_LEVEL = "-Onone";
				TARGETED_DEVICE_FAMILY = "1,2";
			};
			name = Debug;
		};
		1FED895619C1EB7E0065658B /* Release */ = {
			isa = XCBuildConfiguration;
			buildSettings = {
				CLANG_ENABLE_MODULES = YES;
				"CODE_SIGN_IDENTITY[sdk=iphoneos*]" = "iPhone Developer";
				DEFINES_MODULE = YES;
				DYLIB_COMPATIBILITY_VERSION = 1;
				DYLIB_CURRENT_VERSION = 1;
				DYLIB_INSTALL_NAME_BASE = "@rpath";
				FRAMEWORK_SEARCH_PATHS = (
					"$(inherited)",
					"$(PROJECT_DIR)/Carthage.build/iOS",
				);
				INFOPLIST_FILE = ReactKit/Info.plist;
				INSTALL_PATH = "$(LOCAL_LIBRARY_DIR)/Frameworks";
				IPHONEOS_DEPLOYMENT_TARGET = 8.0;
				LD_RUNPATH_SEARCH_PATHS = "$(inherited) @executable_path/Frameworks @loader_path/Frameworks";
				PRODUCT_NAME = "$(PROJECT_NAME)";
				SDKROOT = iphoneos;
				SKIP_INSTALL = YES;
				TARGETED_DEVICE_FAMILY = "1,2";
				VALIDATE_PRODUCT = YES;
			};
			name = Release;
		};
		1FED895819C1EB7E0065658B /* Debug */ = {
			isa = XCBuildConfiguration;
			buildSettings = {
				FRAMEWORK_SEARCH_PATHS = (
					"$(SDKROOT)/Developer/Library/Frameworks",
					"$(inherited)",
				);
				GCC_PREPROCESSOR_DEFINITIONS = (
					"DEBUG=1",
					"$(inherited)",
				);
				INFOPLIST_FILE = ReactKitTests/Info.plist;
				IPHONEOS_DEPLOYMENT_TARGET = 8.0;
				LD_RUNPATH_SEARCH_PATHS = "$(inherited) @executable_path/Frameworks @loader_path/Frameworks";
				PRODUCT_NAME = "$(TARGET_NAME)";
				SDKROOT = iphoneos;
			};
			name = Debug;
		};
		1FED895919C1EB7E0065658B /* Release */ = {
			isa = XCBuildConfiguration;
			buildSettings = {
				FRAMEWORK_SEARCH_PATHS = (
					"$(SDKROOT)/Developer/Library/Frameworks",
					"$(inherited)",
				);
				INFOPLIST_FILE = ReactKitTests/Info.plist;
				IPHONEOS_DEPLOYMENT_TARGET = 8.0;
				LD_RUNPATH_SEARCH_PATHS = "$(inherited) @executable_path/Frameworks @loader_path/Frameworks";
				PRODUCT_NAME = "$(TARGET_NAME)";
				SDKROOT = iphoneos;
				VALIDATE_PRODUCT = YES;
			};
			name = Release;
		};
/* End XCBuildConfiguration section */

/* Begin XCConfigurationList section */
		1FED88F219C1EB120065658B /* Build configuration list for PBXProject "ReactKit" */ = {
			isa = XCConfigurationList;
			buildConfigurations = (
				1FED890C19C1EB120065658B /* Debug */,
				1FED890D19C1EB120065658B /* Release */,
			);
			defaultConfigurationIsVisible = 0;
			defaultConfigurationName = Release;
		};
		1FED890E19C1EB120065658B /* Build configuration list for PBXNativeTarget "ReactKit-OSX" */ = {
			isa = XCConfigurationList;
			buildConfigurations = (
				1FED890F19C1EB120065658B /* Debug */,
				1FED891019C1EB120065658B /* Release */,
			);
			defaultConfigurationIsVisible = 0;
			defaultConfigurationName = Release;
		};
		1FED891119C1EB120065658B /* Build configuration list for PBXNativeTarget "ReactKit-OSXTests" */ = {
			isa = XCConfigurationList;
			buildConfigurations = (
				1FED891219C1EB120065658B /* Debug */,
				1FED891319C1EB120065658B /* Release */,
			);
			defaultConfigurationIsVisible = 0;
			defaultConfigurationName = Release;
		};
		1FED895419C1EB7E0065658B /* Build configuration list for PBXNativeTarget "ReactKit-iOS" */ = {
			isa = XCConfigurationList;
			buildConfigurations = (
				1FED895519C1EB7E0065658B /* Debug */,
				1FED895619C1EB7E0065658B /* Release */,
			);
			defaultConfigurationIsVisible = 0;
			defaultConfigurationName = Release;
		};
		1FED895719C1EB7E0065658B /* Build configuration list for PBXNativeTarget "ReactKit-iOSTests" */ = {
			isa = XCConfigurationList;
			buildConfigurations = (
				1FED895819C1EB7E0065658B /* Debug */,
				1FED895919C1EB7E0065658B /* Release */,
			);
			defaultConfigurationIsVisible = 0;
			defaultConfigurationName = Release;
		};
/* End XCConfigurationList section */
	};
	rootObject = 1FED88EF19C1EB120065658B /* Project object */;
}
